
Microsoft Visual Studio Solution File, Format Version 12.00
# Visual Studio 14
VisualStudioVersion = 14.0.23107.0
MinimumVisualStudioVersion = 10.0.40219.1
Project("{FAE04EC0-301F-11D3-BF4B-00C04F79EFBC}") = "Chess", "Chess\Chess.csproj", "{D7F4498E-EF98-4330-8666-2DBF9413FF86}"
EndProject
Project("{FAE04EC0-301F-11D3-BF4B-00C04F79EFBC}") = "ChessTests", "ChessTests\ChessTests.csproj", "{36C00AFE-074E-4EA0-8384-B4E40C493AD5}"
EndProject
Project("{FAE04EC0-301F-11D3-BF4B-00C04F79EFBC}") = "ChessCLI", "ChessCLI\ChessCLI.csproj", "{59262562-B1B5-4B9D-970D-549E8135AE5E}"
EndProject
Global
	GlobalSection(SolutionConfigurationPlatforms) = preSolution
		Debug|Any CPU = Debug|Any CPU
		Release|Any CPU = Release|Any CPU
	EndGlobalSection
	GlobalSection(ProjectConfigurationPlatforms) = postSolution
		{D7F4498E-EF98-4330-8666-2DBF9413FF86}.Debug|Any CPU.ActiveCfg = Debug|Any CPU
		{D7F4498E-EF98-4330-8666-2DBF9413FF86}.Debug|Any CPU.Build.0 = Debug|Any CPU
		{D7F4498E-EF98-4330-8666-2DBF9413FF86}.Release|Any CPU.ActiveCfg = Release|Any CPU
		{D7F4498E-EF98-4330-8666-2DBF9413FF86}.Release|Any CPU.Build.0 = Release|Any CPU
		{36C00AFE-074E-4EA0-8384-B4E40C493AD5}.Debug|Any CPU.ActiveCfg = Debug|Any CPU
		{36C00AFE-074E-4EA0-8384-B4E40C493AD5}.Debug|Any CPU.Build.0 = Debug|Any CPU
		{36C00AFE-074E-4EA0-8384-B4E40C493AD5}.Release|Any CPU.ActiveCfg = Release|Any CPU
		{36C00AFE-074E-4EA0-8384-B4E40C493AD5}.Release|Any CPU.Build.0 = Release|Any CPU
		{59262562-B1B5-4B9D-970D-549E8135AE5E}.Debug|Any CPU.ActiveCfg = Debug|Any CPU
		{59262562-B1B5-4B9D-970D-549E8135AE5E}.Debug|Any CPU.Build.0 = Debug|Any CPU
		{59262562-B1B5-4B9D-970D-549E8135AE5E}.Release|Any CPU.ActiveCfg = Release|Any CPU
		{59262562-B1B5-4B9D-970D-549E8135AE5E}.Release|Any CPU.Build.0 = Release|Any CPU
	EndGlobalSection
	GlobalSection(SolutionProperties) = preSolution
		HideSolutionNode = FALSE
	EndGlobalSection
EndGlobal
